// !$*UTF8*$!
{
	archiveVersion = 1;
	classes = {
	};
	objectVersion = 50;
	objects = {

/* Begin PBXBuildFile section */
		3A9A00D024001C8A0069A7B1 /* AppDelegate.swift in Sources */ = {isa = PBXBuildFile; fileRef = 3A9A00CF24001C8A0069A7B1 /* AppDelegate.swift */; };
		3A9A00D224001C8A0069A7B1 /* SceneDelegate.swift in Sources */ = {isa = PBXBuildFile; fileRef = 3A9A00D124001C8A0069A7B1 /* SceneDelegate.swift */; };
		3A9A00D424001C8A0069A7B1 /* ContentView.swift in Sources */ = {isa = PBXBuildFile; fileRef = 3A9A00D324001C8A0069A7B1 /* ContentView.swift */; };
		3A9A00D624001C8C0069A7B1 /* Assets.xcassets in Resources */ = {isa = PBXBuildFile; fileRef = 3A9A00D524001C8C0069A7B1 /* Assets.xcassets */; };
		3A9A00D924001C8C0069A7B1 /* Preview Assets.xcassets in Resources */ = {isa = PBXBuildFile; fileRef = 3A9A00D824001C8C0069A7B1 /* Preview Assets.xcassets */; };
		3A9A00DC24001C8C0069A7B1 /* LaunchScreen.storyboard in Resources */ = {isa = PBXBuildFile; fileRef = 3A9A00DA24001C8C0069A7B1 /* LaunchScreen.storyboard */; };
		3A9A00E5240021C60069A7B1 /* NetworkManager.swift in Sources */ = {isa = PBXBuildFile; fileRef = 3A9A00E4240021C60069A7B1 /* NetworkManager.swift */; };
		3A9A00E7240023450069A7B1 /* PostData.swift in Sources */ = {isa = PBXBuildFile; fileRef = 3A9A00E6240023450069A7B1 /* PostData.swift */; };
		3A9A00EA24002CAA0069A7B1 /* DetailView.swift in Sources */ = {isa = PBXBuildFile; fileRef = 3A9A00E924002CAA0069A7B1 /* DetailView.swift */; };
		3A9A00EC240039DA0069A7B1 /* WebView.swift in Sources */ = {isa = PBXBuildFile; fileRef = 3A9A00EB240039D90069A7B1 /* WebView.swift */; };
/* End PBXBuildFile section */

/* Begin PBXFileReference section */
		3A9A00CC24001C8A0069A7B1 /* H4XOR News.app */ = {isa = PBXFileReference; explicitFileType = wrapper.application; includeInIndex = 0; path = "H4XOR News.app"; sourceTree = BUILT_PRODUCTS_DIR; };
		3A9A00CF24001C8A0069A7B1 /* AppDelegate.swift */ = {isa = PBXFileReference; lastKnownFileType = sourcecode.swift; path = AppDelegate.swift; sourceTree = "<group>"; };
		3A9A00D124001C8A0069A7B1 /* SceneDelegate.swift */ = {isa = PBXFileReference; lastKnownFileType = sourcecode.swift; path = SceneDelegate.swift; sourceTree = "<group>"; };
		3A9A00D324001C8A0069A7B1 /* ContentView.swift */ = {isa = PBXFileReference; lastKnownFileType = sourcecode.swift; path = ContentView.swift; sourceTree = "<group>"; };
		3A9A00D524001C8C0069A7B1 /* Assets.xcassets */ = {isa = PBXFileReference; lastKnownFileType = folder.assetcatalog; path = Assets.xcassets; sourceTree = "<group>"; };
		3A9A00D824001C8C0069A7B1 /* Preview Assets.xcassets */ = {isa = PBXFileReference; lastKnownFileType = folder.assetcatalog; path = "Preview Assets.xcassets"; sourceTree = "<group>"; };
		3A9A00DB24001C8C0069A7B1 /* Base */ = {isa = PBXFileReference; lastKnownFileType = file.storyboard; name = Base; path = Base.lproj/LaunchScreen.storyboard; sourceTree = "<group>"; };
		3A9A00DD24001C8C0069A7B1 /* Info.plist */ = {isa = PBXFileReference; lastKnownFileType = text.plist.xml; path = Info.plist; sourceTree = "<group>"; };
		3A9A00E4240021C60069A7B1 /* NetworkManager.swift */ = {isa = PBXFileReference; lastKnownFileType = sourcecode.swift; path = NetworkManager.swift; sourceTree = "<group>"; };
		3A9A00E6240023450069A7B1 /* PostData.swift */ = {isa = PBXFileReference; lastKnownFileType = sourcecode.swift; path = PostData.swift; sourceTree = "<group>"; };
		3A9A00E924002CAA0069A7B1 /* DetailView.swift */ = {isa = PBXFileReference; lastKnownFileType = sourcecode.swift; path = DetailView.swift; sourceTree = "<group>"; };
		3A9A00EB240039D90069A7B1 /* WebView.swift */ = {isa = PBXFileReference; lastKnownFileType = sourcecode.swift; path = WebView.swift; sourceTree = "<group>"; };
/* End PBXFileReference section */

/* Begin PBXFrameworksBuildPhase section */
		3A9A00C924001C8A0069A7B1 /* Frameworks */ = {
			isa = PBXFrameworksBuildPhase;
			buildActionMask = 2147483647;
			files = (
			);
			runOnlyForDeploymentPostprocessing = 0;
		};
/* End PBXFrameworksBuildPhase section */

/* Begin PBXGroup section */
		3A9A00C324001C890069A7B1 = {
			isa = PBXGroup;
			children = (
				3A9A00CE24001C8A0069A7B1 /* H4XOR News */,
				3A9A00CD24001C8A0069A7B1 /* Products */,
			);
			sourceTree = "<group>";
		};
		3A9A00CD24001C8A0069A7B1 /* Products */ = {
			isa = PBXGroup;
			children = (
				3A9A00CC24001C8A0069A7B1 /* H4XOR News.app */,
			);
			name = Products;
			sourceTree = "<group>";
		};
		3A9A00CE24001C8A0069A7B1 /* H4XOR News */ = {
			isa = PBXGroup;
			children = (
				3A9A00CF24001C8A0069A7B1 /* AppDelegate.swift */,
				3A9A00D124001C8A0069A7B1 /* SceneDelegate.swift */,
				3A9A00E824002C990069A7B1 /* Views */,
				3A9A00E3240021A30069A7B1 /* Models */,
				3A9A00D524001C8C0069A7B1 /* Assets.xcassets */,
				3A9A00DA24001C8C0069A7B1 /* LaunchScreen.storyboard */,
				3A9A00DD24001C8C0069A7B1 /* Info.plist */,
				3A9A00D724001C8C0069A7B1 /* Preview Content */,
			);
			path = "H4XOR News";
			sourceTree = "<group>";
		};
		3A9A00D724001C8C0069A7B1 /* Preview Content */ = {
			isa = PBXGroup;
			children = (
				3A9A00D824001C8C0069A7B1 /* Preview Assets.xcassets */,
			);
			path = "Preview Content";
			sourceTree = "<group>";
		};
		3A9A00E3240021A30069A7B1 /* Models */ = {
			isa = PBXGroup;
			children = (
				3A9A00E4240021C60069A7B1 /* NetworkManager.swift */,
				3A9A00E6240023450069A7B1 /* PostData.swift */,
			);
			path = Models;
			sourceTree = "<group>";
		};
		3A9A00E824002C990069A7B1 /* Views */ = {
			isa = PBXGroup;
			children = (
				3A9A00D324001C8A0069A7B1 /* ContentView.swift */,
				3A9A00E924002CAA0069A7B1 /* DetailView.swift */,
				3A9A00EB240039D90069A7B1 /* WebView.swift */,
			);
			path = Views;
			sourceTree = "<group>";
		};
/* End PBXGroup section */

/* Begin PBXNativeTarget section */
		3A9A00CB24001C8A0069A7B1 /* H4XOR News */ = {
			isa = PBXNativeTarget;
			buildConfigurationList = 3A9A00E024001C8C0069A7B1 /* Build configuration list for PBXNativeTarget "H4XOR News" */;
			buildPhases = (
				3A9A00C824001C8A0069A7B1 /* Sources */,
				3A9A00C924001C8A0069A7B1 /* Frameworks */,
				3A9A00CA24001C8A0069A7B1 /* Resources */,
			);
			buildRules = (
			);
			dependencies = (
			);
			name = "H4XOR News";
			productName = "H4XOR News";
			productReference = 3A9A00CC24001C8A0069A7B1 /* H4XOR News.app */;
			productType = "com.apple.product-type.application";
		};
/* End PBXNativeTarget section */

/* Begin PBXProject section */
		3A9A00C424001C890069A7B1 /* Project object */ = {
			isa = PBXProject;
			attributes = {
				LastSwiftUpdateCheck = 1130;
				LastUpgradeCheck = 1130;
				ORGANIZATIONNAME = "Zulfkhar Maukey";
				TargetAttributes = {
					3A9A00CB24001C8A0069A7B1 = {
						CreatedOnToolsVersion = 11.3;
					};
				};
			};
			buildConfigurationList = 3A9A00C724001C890069A7B1 /* Build configuration list for PBXProject "H4XOR News" */;
			compatibilityVersion = "Xcode 9.3";
			developmentRegion = en;
			hasScannedForEncodings = 0;
			knownRegions = (
				en,
				Base,
			);
			mainGroup = 3A9A00C324001C890069A7B1;
			productRefGroup = 3A9A00CD24001C8A0069A7B1 /* Products */;
			projectDirPath = "";
			projectRoot = "";
			targets = (
				3A9A00CB24001C8A0069A7B1 /* H4XOR News */,
			);
		};
/* End PBXProject section */

/* Begin PBXResourcesBuildPhase section */
		3A9A00CA24001C8A0069A7B1 /* Resources */ = {
			isa = PBXResourcesBuildPhase;
			buildActionMask = 2147483647;
			files = (
				3A9A00DC24001C8C0069A7B1 /* LaunchScreen.storyboard in Resources */,
				3A9A00D924001C8C0069A7B1 /* Preview Assets.xcassets in Resources */,
				3A9A00D624001C8C0069A7B1 /* Assets.xcassets in Resources */,
			);
			runOnlyForDeploymentPostprocessing = 0;
		};
/* End PBXResourcesBuildPhase section */

/* Begin PBXSourcesBuildPhase section */
		3A9A00C824001C8A0069A7B1 /* Sources */ = {
			isa = PBXSourcesBuildPhase;
			buildActionMask = 2147483647;
			files = (
				3A9A00E7240023450069A7B1 /* PostData.swift in Sources */,
				3A9A00EA24002CAA0069A7B1 /* DetailView.swift in Sources */,
				3A9A00E5240021C60069A7B1 /* NetworkManager.swift in Sources */,
				3A9A00D024001C8A0069A7B1 /* AppDelegate.swift in Sources */,
				3A9A00D224001C8A0069A7B1 /* SceneDelegate.swift in Sources */,
				3A9A00D424001C8A0069A7B1 /* ContentView.swift in Sources */,
				3A9A00EC240039DA0069A7B1 /* WebView.swift in Sources */,
			);
			runOnlyForDeploymentPostprocessing = 0;
		};
/* End PBXSourcesBuildPhase section */

/* Begin PBXVariantGroup section */
		3A9A00DA24001C8C0069A7B1 /* LaunchScreen.storyboard */ = {
			isa = PBXVariantGroup;
			children = (
				3A9A00DB24001C8C0069A7B1 /* Base */,
			);
			name = LaunchScreen.storyboard;
			sourceTree = "<group>";
		};
/* End PBXVariantGroup section */

/* Begin XCBuildConfiguration section */
		3A9A00DE24001C8C0069A7B1 /* Debug */ = {
			isa = XCBuildConfiguration;
			buildSettings = {
				ALWAYS_SEARCH_USER_PATHS = NO;
				CLANG_ANALYZER_NONNULL = YES;
				CLANG_ANALYZER_NUMBER_OBJECT_CONVERSION = YES_AGGRESSIVE;
				CLANG_CXX_LANGUAGE_STANDARD = "gnu++14";
				CLANG_CXX_LIBRARY = "libc++";
				CLANG_ENABLE_MODULES = YES;
				CLANG_ENABLE_OBJC_ARC = YES;
				CLANG_ENABLE_OBJC_WEAK = YES;
				CLANG_WARN_BLOCK_CAPTURE_AUTORELEASING = YES;
				CLANG_WARN_BOOL_CONVERSION = YES;
				CLANG_WARN_COMMA = YES;
				CLANG_WARN_CONSTANT_CONVERSION = YES;
				CLANG_WARN_DEPRECATED_OBJC_IMPLEMENTATIONS = YES;
				CLANG_WARN_DIRECT_OBJC_ISA_USAGE = YES_ERROR;
				CLANG_WARN_DOCUMENTATION_COMMENTS = YES;
				CLANG_WARN_EMPTY_BODY = YES;
				CLANG_WARN_ENUM_CONVERSION = YES;
				CLANG_WARN_INFINITE_RECURSION = YES;
				CLANG_WARN_INT_CONVERSION = YES;
				CLANG_WARN_NON_LITERAL_NULL_CONVERSION = YES;
				CLANG_WARN_OBJC_IMPLICIT_RETAIN_SELF = YES;
				CLANG_WARN_OBJC_LITERAL_CONVERSION = YES;
				CLANG_WARN_OBJC_ROOT_CLASS = YES_ERROR;
				CLANG_WARN_RANGE_LOOP_ANALYSIS = YES;
				CLANG_WARN_STRICT_PROTOTYPES = YES;
				CLANG_WARN_SUSPICIOUS_MOVE = YES;
				CLANG_WARN_UNGUARDED_AVAILABILITY = YES_AGGRESSIVE;
				CLANG_WARN_UNREACHABLE_CODE = YES;
				CLANG_WARN__DUPLICATE_METHOD_MATCH = YES;
				COPY_PHASE_STRIP = NO;
				DEBUG_INFORMATION_FORMAT = dwarf;
				ENABLE_STRICT_OBJC_MSGSEND = YES;
				ENABLE_TESTABILITY = YES;
				GCC_C_LANGUAGE_STANDARD = gnu11;
				GCC_DYNAMIC_NO_PIC = NO;
				GCC_NO_COMMON_BLOCKS = YES;
				GCC_OPTIMIZATION_LEVEL = 0;
				GCC_PREPROCESSOR_DEFINITIONS = (
					"DEBUG=1",
					"$(inherited)",
				);
				GCC_WARN_64_TO_32_BIT_CONVERSION = YES;
				GCC_WARN_ABOUT_RETURN_TYPE = YES_ERROR;
				GCC_WARN_UNDECLARED_SELECTOR = YES;
				GCC_WARN_UNINITIALIZED_AUTOS = YES_AGGRESSIVE;
				GCC_WARN_UNUSED_FUNCTION = YES;
				GCC_WARN_UNUSED_VARIABLE = YES;
				IPHONEOS_DEPLOYMENT_TARGET = 13.2;
				MTL_ENABLE_DEBUG_INFO = INCLUDE_SOURCE;
				MTL_FAST_MATH = YES;
				ONLY_ACTIVE_ARCH = YES;
				SDKROOT = iphoneos;
				SWIFT_ACTIVE_COMPILATION_CONDITIONS = DEBUG;
				SWIFT_OPTIMIZATION_LEVEL = "-Onone";
			};
			name = Debug;
		};
		3A9A00DF24001C8C0069A7B1 /* Release */ = {
			isa = XCBuildConfiguration;
			buildSettings = {
				ALWAYS_SEARCH_USER_PATHS = NO;
				CLANG_ANALYZER_NONNULL = YES;
				CLANG_ANALYZER_NUMBER_OBJECT_CONVERSION = YES_AGGRESSIVE;
				CLANG_CXX_LANGUAGE_STANDARD = "gnu++14";
				CLANG_CXX_LIBRARY = "libc++";
				CLANG_ENABLE_MODULES = YES;
				CLANG_ENABLE_OBJC_ARC = YES;
				CLANG_ENABLE_OBJC_WEAK = YES;
				CLANG_WARN_BLOCK_CAPTURE_AUTORELEASING = YES;
				CLANG_WARN_BOOL_CONVERSION = YES;
				CLANG_WARN_COMMA = YES;
				CLANG_WARN_CONSTANT_CONVERSION = YES;
				CLANG_WARN_DEPRECATED_OBJC_IMPLEMENTATIONS = YES;
				CLANG_WARN_DIRECT_OBJC_ISA_USAGE = YES_ERROR;
				CLANG_WARN_DOCUMENTATION_COMMENTS = YES;
				CLANG_WARN_EMPTY_BODY = YES;
				CLANG_WARN_ENUM_CONVERSION = YES;
				CLANG_WARN_INFINITE_RECURSION = YES;
				CLANG_WARN_INT_CONVERSION = YES;
				CLANG_WARN_NON_LITERAL_NULL_CONVERSION = YES;
				CLANG_WARN_OBJC_IMPLICIT_RETAIN_SELF = YES;
				CLANG_WARN_OBJC_LITERAL_CONVERSION = YES;
				CLANG_WARN_OBJC_ROOT_CLASS = YES_ERROR;
				CLANG_WARN_RANGE_LOOP_ANALYSIS = YES;
				CLANG_WARN_STRICT_PROTOTYPES = YES;
				CLANG_WARN_SUSPICIOUS_MOVE = YES;
				CLANG_WARN_UNGUARDED_AVAILABILITY = YES_AGGRESSIVE;
				CLANG_WARN_UNREACHABLE_CODE = YES;
				CLANG_WARN__DUPLICATE_METHOD_MATCH = YES;
				COPY_PHASE_STRIP = NO;
				DEBUG_INFORMATION_FORMAT = "dwarf-with-dsym";
				ENABLE_NS_ASSERTIONS = NO;
				ENABLE_STRICT_OBJC_MSGSEND = YES;
				GCC_C_LANGUAGE_STANDARD = gnu11;
				GCC_NO_COMMON_BLOCKS = YES;
				GCC_WARN_64_TO_32_BIT_CONVERSION = YES;
				GCC_WARN_ABOUT_RETURN_TYPE = YES_ERROR;
				GCC_WARN_UNDECLARED_SELECTOR = YES;
				GCC_WARN_UNINITIALIZED_AUTOS = YES_AGGRESSIVE;
				GCC_WARN_UNUSED_FUNCTION = YES;
				GCC_WARN_UNUSED_VARIABLE = YES;
				IPHONEOS_DEPLOYMENT_TARGET = 13.2;
				MTL_ENABLE_DEBUG_INFO = NO;
				MTL_FAST_MATH = YES;
				SDKROOT = iphoneos;
				SWIFT_COMPILATION_MODE = wholemodule;
				SWIFT_OPTIMIZATION_LEVEL = "-O";
				VALIDATE_PRODUCT = YES;
			};
			name = Release;
		};
		3A9A00E124001C8C0069A7B1 /* Debug */ = {
			isa = XCBuildConfiguration;
			buildSettings = {
				ASSETCATALOG_COMPILER_APPICON_NAME = AppIcon;
				CODE_SIGN_STYLE = Automatic;
				DEVELOPMENT_ASSET_PATHS = "\"H4XOR News/Preview Content\"";
				DEVELOPMENT_TEAM = R7JL7LVF2R;
				ENABLE_PREVIEWS = YES;
				INFOPLIST_FILE = "H4XOR News/Info.plist";
				LD_RUNPATH_SEARCH_PATHS = (
					"$(inherited)",
					"@executable_path/Frameworks",
				);
				PRODUCT_BUNDLE_IDENTIFIER = "com.zulya.H4XOR-News";
				PRODUCT_NAME = "$(TARGET_NAME)";
				SWIFT_VERSION = 5.0;
				TARGETED_DEVICE_FAMILY = "1,2";
			};
			name = Debug;
		};
		3A9A00E224001C8C0069A7B1 /* Release */ = {
			isa = XCBuildConfiguration;
			buildSettings = {
				ASSETCATALOG_COMPILER_APPICON_NAME = AppIcon;
				CODE_SIGN_STYLE = Automatic;
				DEVELOPMENT_ASSET_PATHS = "\"H4XOR News/Preview Content\"";
				DEVELOPMENT_TEAM = R7JL7LVF2R;
				ENABLE_PREVIEWS = YES;
				INFOPLIST_FILE = "H4XOR News/Info.plist";
				LD_RUNPATH_SEARCH_PATHS = (
					"$(inherited)",
					"@executable_path/Frameworks",
				);
				PRODUCT_BUNDLE_IDENTIFIER = "com.zulya.H4XOR-News";
				PRODUCT_NAME = "$(TARGET_NAME)";
				SWIFT_VERSION = 5.0;
				TARGETED_DEVICE_FAMILY = "1,2";
			};
			name = Release;
		};
/* End XCBuildConfiguration section */

/* Begin XCConfigurationList section */
		3A9A00C724001C890069A7B1 /* Build configuration list for PBXProject "H4XOR News" */ = {
			isa = XCConfigurationList;
			buildConfigurations = (
				3A9A00DE24001C8C0069A7B1 /* Debug */,
				3A9A00DF24001C8C0069A7B1 /* Release */,
			);
			defaultConfigurationIsVisible = 0;
			defaultConfigurationName = Release;
		};
		3A9A00E024001C8C0069A7B1 /* Build configuration list for PBXNativeTarget "H4XOR News" */ = {
			isa = XCConfigurationList;
			buildConfigurations = (
				3A9A00E124001C8C0069A7B1 /* Debug */,
				3A9A00E224001C8C0069A7B1 /* Release */,
			);
			defaultConfigurationIsVisible = 0;
			defaultConfigurationName = Release;
		};
/* End XCConfigurationList section */
	};
	rootObject = 3A9A00C424001C890069A7B1 /* Project object */;
}
